
Microsoft Visual Studio Solution File, Format Version 12.00
# Visual Studio Version 17
VisualStudioVersion = 17.4.33103.184
MinimumVisualStudioVersion = 10.0.40219.1
Project("{9A19103F-16F7-4668-BE54-9A1E7A4F7556}") = "Backend", "Backend.csproj", "{228A4F1F-5077-49FB-A671-A232ACDDBBD0}"
EndProject
Project("{9A19103F-16F7-4668-BE54-9A1E7A4F7556}") = "Graphical Interface", "..\Graphical Interface\Graphical Interface.csproj", "{4ECAA18E-2D52-45C8-91A0-14C06C0778ED}"
EndProject
Global
	GlobalSection(SolutionConfigurationPlatforms) = preSolution
		Debug|Any CPU = Debug|Any CPU
		Release|Any CPU = Release|Any CPU
	EndGlobalSection
	GlobalSection(ProjectConfigurationPlatforms) = postSolution
		{228A4F1F-5077-49FB-A671-A232ACDDBBD0}.Debug|Any CPU.ActiveCfg = Debug|Any CPU
		{228A4F1F-5077-49FB-A671-A232ACDDBBD0}.Debug|Any CPU.Build.0 = Debug|Any CPU
		{228A4F1F-5077-49FB-A671-A232ACDDBBD0}.Release|Any CPU.ActiveCfg = Release|Any CPU
		{228A4F1F-5077-49FB-A671-A232ACDDBBD0}.Release|Any CPU.Build.0 = Release|Any CPU
		{4ECAA18E-2D52-45C8-91A0-14C06C0778ED}.Debug|Any CPU.ActiveCfg = Debug|Any CPU
		{4ECAA18E-2D52-45C8-91A0-14C06C0778ED}.Debug|Any CPU.Build.0 = Debug|Any CPU
		{4ECAA18E-2D52-45C8-91A0-14C06C0778ED}.Release|Any CPU.ActiveCfg = Release|Any CPU
		{4ECAA18E-2D52-45C8-91A0-14C06C0778ED}.Release|Any CPU.Build.0 = Release|Any CPU
	EndGlobalSection
	GlobalSection(SolutionProperties) = preSolution
		HideSolutionNode = FALSE
	EndGlobalSection
	GlobalSection(ExtensibilityGlobals) = postSolution
		SolutionGuid = {BEE514A1-BCF1-47B4-B180-D1CF672FCFC0}
	EndGlobalSection
EndGlobal
